{
  "version": 4,
  "terraform_version": "1.14.9",
  "serial": 2,
  "lineage": "8b25172f-4235-5fa1-363b-5f82973213c7",
  "outputs": {},
  "resources": [
    {
      "mode": "managed",
      "type": "github_repository",
      "name": "repo",
      "provider": "provider[\"registry.terraform.io/integrations/github\"]",
      "instances": [
        {
          "schema_version": 1,
          "attributes": {
            "allow_auto_merge": false,
            "allow_forking": true,
            "allow_merge_commit": true,
            "allow_rebase_merge": true,
            "allow_squash_merge": true,
            "allow_update_branch": false,
            "archive_on_destroy": null,
            "archived": false,
            "auto_init": null,
            "default_branch": "main",
            "delete_branch_on_merge": false,
            "description": "A GitHub repository created using Terraform for the DevOpsCon workshop",
            "etag": "W/\"7b9d521f932a4f95317df8a0db8057aa803f1a455e282568d676316e37e44af6\"",
            "fork": "false",
            "full_name": "anthonyfarhat96/devopscon-terraform-workshop",
            "git_clone_url": "git://github.com/anthonyfarhat96/devopscon-terraform-workshop.git",
            "gitignore_template": null,
            "has_discussions": false,
            "has_downloads": false,
            "has_issues": false,
            "has_projects": false,
            "has_wiki": false,
            "homepage_url": "",
            "html_url": "https://github.com/anthonyfarhat96/devopscon-terraform-workshop",
            "http_clone_url": "https://github.com/anthonyfarhat96/devopscon-terraform-workshop.git",
            "id": "devopscon-terraform-workshop",
            "ignore_vulnerability_alerts_during_read": false,
            "is_template": false,
            "license_template": null,
            "merge_commit_message": "PR_TITLE",
            "merge_commit_title": "MERGE_MESSAGE",
            "name": "devopscon-terraform-workshop",
            "node_id": "R_kgDOSIlPAQ",
            "pages": [],
            "primary_language": "",
            "private": false,
            "repo_id": 1216958209,
            "security_and_analysis": [
              {
                "advanced_security": [],
                "code_security": [],
                "secret_scanning": [
                  {
                    "status": "enabled"
                  }
                ],
                "secret_scanning_ai_detection": [],
                "secret_scanning_non_provider_patterns": [],
                "secret_scanning_push_protection": [
                  {
                    "status": "enabled"
                  }
                ]
              }
            ],
            "source_owner": "",
            "source_repo": "",
            "squash_merge_commit_message": "COMMIT_MESSAGES",
            "squash_merge_commit_title": "COMMIT_OR_PR_TITLE",
            "ssh_clone_url": "git@github.com:anthonyfarhat96/devopscon-terraform-workshop.git",
            "svn_url": "https://github.com/anthonyfarhat96/devopscon-terraform-workshop",
            "template": [],
            "topics": [],
            "visibility": "public",
            "vulnerability_alerts": false,
            "web_commit_signoff_required": false
          },
          "sensitive_attributes": [],
          "identity_schema_version": 0,
          "private": "eyJzY2hlbWFfdmVyc2lvbiI6IjEifQ=="
        }
      ]
    }
  ],
  "check_results": [
    {
      "object_kind": "var",
      "config_addr": "var.repository_description",
      "status": "pass",
      "objects": [
        {
          "object_addr": "var.repository_description",
          "status": "pass"
        }
      ]
    }
  ]
}
